
Microsoft Visual Studio Solution File, Format Version 12.00
# Visual Studio Version 17
VisualStudioVersion = 17.3.32929.385
MinimumVisualStudioVersion = 10.0.40219.1
Project("{9A19103F-16F7-4668-BE54-9A1E7A4F7556}") = "9.6 Workshop", "9.6 Workshop\9.6 Workshop.csproj", "{B74FDCBB-CA9A-4D46-B773-A4F631ACF2FB}"
EndProject
Project("{9A19103F-16F7-4668-BE54-9A1E7A4F7556}") = "Task1", "Task1\Task1.csproj", "{F5AC97EA-377A-4D5D-90BC-922CA9E4E670}"
EndProject
Project("{FAE04EC0-301F-11D3-BF4B-00C04F79EFBC}") = "Task2", "Task2\Task2.csproj", "{0C18797C-D22A-4C73-BB5C-49CEE875A7D6}"
EndProject
Global
	GlobalSection(SolutionConfigurationPlatforms) = preSolution
		Debug|Any CPU = Debug|Any CPU
		Release|Any CPU = Release|Any CPU
	EndGlobalSection
	GlobalSection(ProjectConfigurationPlatforms) = postSolution
		{B74FDCBB-CA9A-4D46-B773-A4F631ACF2FB}.Debug|Any CPU.ActiveCfg = Debug|Any CPU
		{B74FDCBB-CA9A-4D46-B773-A4F631ACF2FB}.Debug|Any CPU.Build.0 = Debug|Any CPU
		{B74FDCBB-CA9A-4D46-B773-A4F631ACF2FB}.Release|Any CPU.ActiveCfg = Release|Any CPU
		{B74FDCBB-CA9A-4D46-B773-A4F631ACF2FB}.Release|Any CPU.Build.0 = Release|Any CPU
		{F5AC97EA-377A-4D5D-90BC-922CA9E4E670}.Debug|Any CPU.ActiveCfg = Debug|Any CPU
		{F5AC97EA-377A-4D5D-90BC-922CA9E4E670}.Debug|Any CPU.Build.0 = Debug|Any CPU
		{F5AC97EA-377A-4D5D-90BC-922CA9E4E670}.Release|Any CPU.ActiveCfg = Release|Any CPU
		{F5AC97EA-377A-4D5D-90BC-922CA9E4E670}.Release|Any CPU.Build.0 = Release|Any CPU
		{0C18797C-D22A-4C73-BB5C-49CEE875A7D6}.Debug|Any CPU.ActiveCfg = Debug|Any CPU
		{0C18797C-D22A-4C73-BB5C-49CEE875A7D6}.Debug|Any CPU.Build.0 = Debug|Any CPU
		{0C18797C-D22A-4C73-BB5C-49CEE875A7D6}.Release|Any CPU.ActiveCfg = Release|Any CPU
		{0C18797C-D22A-4C73-BB5C-49CEE875A7D6}.Release|Any CPU.Build.0 = Release|Any CPU
	EndGlobalSection
	GlobalSection(SolutionProperties) = preSolution
		HideSolutionNode = FALSE
	EndGlobalSection
	GlobalSection(ExtensibilityGlobals) = postSolution
		SolutionGuid = {8C2A8721-C345-4B2F-B885-DE434D69B4B0}
	EndGlobalSection
EndGlobal
